
Microsoft Visual Studio Solution File, Format Version 12.00
# Visual Studio 14
VisualStudioVersion = 14.0.25420.1
MinimumVisualStudioVersion = 10.0.40219.1
Project("{8BB2217D-0F2D-49D1-97BC-3654ED321F3B}") = "SpaApp", "SpaApp\SpaApp.xproj", "{581BD691-2428-4ACD-917C-339D0245BFB8}"
EndProject
Project("{8BB2217D-0F2D-49D1-97BC-3654ED321F3B}") = "SpaApi", "SpaApi\SpaApi.xproj", "{E7C1F8CB-E806-4569-AC28-F4DA35B66D97}"
EndProject
Project("{8BB2217D-0F2D-49D1-97BC-3654ED321F3B}") = "SpaData", "SpaData\SpaData.xproj", "{CCCBA9AF-1B6D-4553-8AAD-8AA94A7B1DC0}"
EndProject
Project("{8BB2217D-0F2D-49D1-97BC-3654ED321F3B}") = "SpaAuthServer", "SpaAuthServer\SpaAuthServer.xproj", "{643059D8-9B4C-4C48-8CB3-ACDCC97FED30}"
EndProject
Project("{2150E333-8FDC-42A3-9474-1A3956D46DE8}") = "Solution Items", "Solution Items", "{EB348D2D-FDF2-4AF6-9586-2E734EC6CA8D}"
	ProjectSection(SolutionItems) = preProject
		global.json = global.json
	EndProjectSection
EndProject
Global
	GlobalSection(SolutionConfigurationPlatforms) = preSolution
		Debug|Any CPU = Debug|Any CPU
		Release|Any CPU = Release|Any CPU
	EndGlobalSection
	GlobalSection(ProjectConfigurationPlatforms) = postSolution
		{581BD691-2428-4ACD-917C-339D0245BFB8}.Debug|Any CPU.ActiveCfg = Debug|Any CPU
		{581BD691-2428-4ACD-917C-339D0245BFB8}.Debug|Any CPU.Build.0 = Debug|Any CPU
		{581BD691-2428-4ACD-917C-339D0245BFB8}.Release|Any CPU.ActiveCfg = Release|Any CPU
		{581BD691-2428-4ACD-917C-339D0245BFB8}.Release|Any CPU.Build.0 = Release|Any CPU
		{E7C1F8CB-E806-4569-AC28-F4DA35B66D97}.Debug|Any CPU.ActiveCfg = Debug|Any CPU
		{E7C1F8CB-E806-4569-AC28-F4DA35B66D97}.Debug|Any CPU.Build.0 = Debug|Any CPU
		{E7C1F8CB-E806-4569-AC28-F4DA35B66D97}.Release|Any CPU.ActiveCfg = Release|Any CPU
		{E7C1F8CB-E806-4569-AC28-F4DA35B66D97}.Release|Any CPU.Build.0 = Release|Any CPU
		{CCCBA9AF-1B6D-4553-8AAD-8AA94A7B1DC0}.Debug|Any CPU.ActiveCfg = Debug|Any CPU
		{CCCBA9AF-1B6D-4553-8AAD-8AA94A7B1DC0}.Debug|Any CPU.Build.0 = Debug|Any CPU
		{CCCBA9AF-1B6D-4553-8AAD-8AA94A7B1DC0}.Release|Any CPU.ActiveCfg = Release|Any CPU
		{CCCBA9AF-1B6D-4553-8AAD-8AA94A7B1DC0}.Release|Any CPU.Build.0 = Release|Any CPU
		{643059D8-9B4C-4C48-8CB3-ACDCC97FED30}.Debug|Any CPU.ActiveCfg = Debug|Any CPU
		{643059D8-9B4C-4C48-8CB3-ACDCC97FED30}.Debug|Any CPU.Build.0 = Debug|Any CPU
		{643059D8-9B4C-4C48-8CB3-ACDCC97FED30}.Release|Any CPU.ActiveCfg = Release|Any CPU
		{643059D8-9B4C-4C48-8CB3-ACDCC97FED30}.Release|Any CPU.Build.0 = Release|Any CPU
	EndGlobalSection
	GlobalSection(SolutionProperties) = preSolution
		HideSolutionNode = FALSE
	EndGlobalSection
EndGlobal
